// !$*UTF8*$!
{
	archiveVersion = 1;
	classes = {
	};
	objectVersion = 46;
	objects = {

/* Begin PBXBuildFile section */
		3EB644AB1BD78DFE005DB513 /* AppDelegate.swift in Sources */ = {isa = PBXBuildFile; fileRef = 3EB644AA1BD78DFE005DB513 /* AppDelegate.swift */; };
		3EB644AD1BD78DFE005DB513 /* ViewController.swift in Sources */ = {isa = PBXBuildFile; fileRef = 3EB644AC1BD78DFE005DB513 /* ViewController.swift */; };
		3EB644B01BD78DFE005DB513 /* Main.storyboard in Resources */ = {isa = PBXBuildFile; fileRef = 3EB644AE1BD78DFE005DB513 /* Main.storyboard */; };
		3EB644B21BD78DFE005DB513 /* Images.xcassets in Resources */ = {isa = PBXBuildFile; fileRef = 3EB644B11BD78DFE005DB513 /* Images.xcassets */; };
		3EB644B51BD78DFE005DB513 /* LaunchScreen.xib in Resources */ = {isa = PBXBuildFile; fileRef = 3EB644B31BD78DFE005DB513 /* LaunchScreen.xib */; };
		3EB644C11BD78DFE005DB513 /* ex366Tests.swift in Sources */ = {isa = PBXBuildFile; fileRef = 3EB644C01BD78DFE005DB513 /* ex366Tests.swift */; };
/* End PBXBuildFile section */

/* Begin PBXContainerItemProxy section */
		3EB644BB1BD78DFE005DB513 /* PBXContainerItemProxy */ = {
			isa = PBXContainerItemProxy;
			containerPortal = 3EB6449D1BD78DFE005DB513 /* Project object */;
			proxyType = 1;
			remoteGlobalIDString = 3EB644A41BD78DFE005DB513;
			remoteInfo = ex366;
		};
/* End PBXContainerItemProxy section */

/* Begin PBXFileReference section */
		3EB644A51BD78DFE005DB513 /* ex366.app */ = {isa = PBXFileReference; explicitFileType = wrapper.application; includeInIndex = 0; path = ex366.app; sourceTree = BUILT_PRODUCTS_DIR; };
		3EB644A91BD78DFE005DB513 /* Info.plist */ = {isa = PBXFileReference; lastKnownFileType = text.plist.xml; path = Info.plist; sourceTree = "<group>"; };
		3EB644AA1BD78DFE005DB513 /* AppDelegate.swift */ = {isa = PBXFileReference; lastKnownFileType = sourcecode.swift; path = AppDelegate.swift; sourceTree = "<group>"; };
		3EB644AC1BD78DFE005DB513 /* ViewController.swift */ = {isa = PBXFileReference; lastKnownFileType = sourcecode.swift; path = ViewController.swift; sourceTree = "<group>"; };
		3EB644AF1BD78DFE005DB513 /* Base */ = {isa = PBXFileReference; lastKnownFileType = file.storyboard; name = Base; path = Base.lproj/Main.storyboard; sourceTree = "<group>"; };
		3EB644B11BD78DFE005DB513 /* Images.xcassets */ = {isa = PBXFileReference; lastKnownFileType = folder.assetcatalog; path = Images.xcassets; sourceTree = "<group>"; };
		3EB644B41BD78DFE005DB513 /* Base */ = {isa = PBXFileReference; lastKnownFileType = file.xib; name = Base; path = Base.lproj/LaunchScreen.xib; sourceTree = "<group>"; };
		3EB644BA1BD78DFE005DB513 /* ex366Tests.xctest */ = {isa = PBXFileReference; explicitFileType = wrapper.cfbundle; includeInIndex = 0; path = ex366Tests.xctest; sourceTree = BUILT_PRODUCTS_DIR; };
		3EB644BF1BD78DFE005DB513 /* Info.plist */ = {isa = PBXFileReference; lastKnownFileType = text.plist.xml; path = Info.plist; sourceTree = "<group>"; };
		3EB644C01BD78DFE005DB513 /* ex366Tests.swift */ = {isa = PBXFileReference; lastKnownFileType = sourcecode.swift; path = ex366Tests.swift; sourceTree = "<group>"; };
/* End PBXFileReference section */

/* Begin PBXFrameworksBuildPhase section */
		3EB644A21BD78DFE005DB513 /* Frameworks */ = {
			isa = PBXFrameworksBuildPhase;
			buildActionMask = 2147483647;
			files = (
			);
			runOnlyForDeploymentPostprocessing = 0;
		};
		3EB644B71BD78DFE005DB513 /* Frameworks */ = {
			isa = PBXFrameworksBuildPhase;
			buildActionMask = 2147483647;
			files = (
			);
			runOnlyForDeploymentPostprocessing = 0;
		};
/* End PBXFrameworksBuildPhase section */

/* Begin PBXGroup section */
		3EB6449C1BD78DFE005DB513 = {
			isa = PBXGroup;
			children = (
				3EB644A71BD78DFE005DB513 /* ex366 */,
				3EB644BD1BD78DFE005DB513 /* ex366Tests */,
				3EB644A61BD78DFE005DB513 /* Products */,
			);
			sourceTree = "<group>";
		};
		3EB644A61BD78DFE005DB513 /* Products */ = {
			isa = PBXGroup;
			children = (
				3EB644A51BD78DFE005DB513 /* ex366.app */,
				3EB644BA1BD78DFE005DB513 /* ex366Tests.xctest */,
			);
			name = Products;
			sourceTree = "<group>";
		};
		3EB644A71BD78DFE005DB513 /* ex366 */ = {
			isa = PBXGroup;
			children = (
				3EB644AA1BD78DFE005DB513 /* AppDelegate.swift */,
				3EB644AC1BD78DFE005DB513 /* ViewController.swift */,
				3EB644AE1BD78DFE005DB513 /* Main.storyboard */,
				3EB644B11BD78DFE005DB513 /* Images.xcassets */,
				3EB644B31BD78DFE005DB513 /* LaunchScreen.xib */,
				3EB644A81BD78DFE005DB513 /* Supporting Files */,
			);
			path = ex366;
			sourceTree = "<group>";
		};
		3EB644A81BD78DFE005DB513 /* Supporting Files */ = {
			isa = PBXGroup;
			children = (
				3EB644A91BD78DFE005DB513 /* Info.plist */,
			);
			name = "Supporting Files";
			sourceTree = "<group>";
		};
		3EB644BD1BD78DFE005DB513 /* ex366Tests */ = {
			isa = PBXGroup;
			children = (
				3EB644C01BD78DFE005DB513 /* ex366Tests.swift */,
				3EB644BE1BD78DFE005DB513 /* Supporting Files */,
			);
			path = ex366Tests;
			sourceTree = "<group>";
		};
		3EB644BE1BD78DFE005DB513 /* Supporting Files */ = {
			isa = PBXGroup;
			children = (
				3EB644BF1BD78DFE005DB513 /* Info.plist */,
			);
			name = "Supporting Files";
			sourceTree = "<group>";
		};
/* End PBXGroup section */

/* Begin PBXNativeTarget section */
		3EB644A41BD78DFE005DB513 /* ex366 */ = {
			isa = PBXNativeTarget;
			buildConfigurationList = 3EB644C41BD78DFE005DB513 /* Build configuration list for PBXNativeTarget "ex366" */;
			buildPhases = (
				3EB644A11BD78DFE005DB513 /* Sources */,
				3EB644A21BD78DFE005DB513 /* Frameworks */,
				3EB644A31BD78DFE005DB513 /* Resources */,
			);
			buildRules = (
			);
			dependencies = (
			);
			name = ex366;
			productName = ex366;
			productReference = 3EB644A51BD78DFE005DB513 /* ex366.app */;
			productType = "com.apple.product-type.application";
		};
		3EB644B91BD78DFE005DB513 /* ex366Tests */ = {
			isa = PBXNativeTarget;
			buildConfigurationList = 3EB644C71BD78DFE005DB513 /* Build configuration list for PBXNativeTarget "ex366Tests" */;
			buildPhases = (
				3EB644B61BD78DFE005DB513 /* Sources */,
				3EB644B71BD78DFE005DB513 /* Frameworks */,
				3EB644B81BD78DFE005DB513 /* Resources */,
			);
			buildRules = (
			);
			dependencies = (
				3EB644BC1BD78DFE005DB513 /* PBXTargetDependency */,
			);
			name = ex366Tests;
			productName = ex366Tests;
			productReference = 3EB644BA1BD78DFE005DB513 /* ex366Tests.xctest */;
			productType = "com.apple.product-type.bundle.unit-test";
		};
/* End PBXNativeTarget section */

/* Begin PBXProject section */
		3EB6449D1BD78DFE005DB513 /* Project object */ = {
			isa = PBXProject;
			attributes = {
				LastUpgradeCheck = 0640;
				ORGANIZATIONNAME = sxnic;
				TargetAttributes = {
					3EB644A41BD78DFE005DB513 = {
						CreatedOnToolsVersion = 6.4;
					};
					3EB644B91BD78DFE005DB513 = {
						CreatedOnToolsVersion = 6.4;
						TestTargetID = 3EB644A41BD78DFE005DB513;
					};
				};
			};
			buildConfigurationList = 3EB644A01BD78DFE005DB513 /* Build configuration list for PBXProject "ex366" */;
			compatibilityVersion = "Xcode 3.2";
			developmentRegion = English;
			hasScannedForEncodings = 0;
			knownRegions = (
				en,
				Base,
			);
			mainGroup = 3EB6449C1BD78DFE005DB513;
			productRefGroup = 3EB644A61BD78DFE005DB513 /* Products */;
			projectDirPath = "";
			projectRoot = "";
			targets = (
				3EB644A41BD78DFE005DB513 /* ex366 */,
				3EB644B91BD78DFE005DB513 /* ex366Tests */,
			);
		};
/* End PBXProject section */

/* Begin PBXResourcesBuildPhase section */
		3EB644A31BD78DFE005DB513 /* Resources */ = {
			isa = PBXResourcesBuildPhase;
			buildActionMask = 2147483647;
			files = (
				3EB644B01BD78DFE005DB513 /* Main.storyboard in Resources */,
				3EB644B51BD78DFE005DB513 /* LaunchScreen.xib in Resources */,
				3EB644B21BD78DFE005DB513 /* Images.xcassets in Resources */,
			);
			runOnlyForDeploymentPostprocessing = 0;
		};
		3EB644B81BD78DFE005DB513 /* Resources */ = {
			isa = PBXResourcesBuildPhase;
			buildActionMask = 2147483647;
			files = (
			);
			runOnlyForDeploymentPostprocessing = 0;
		};
/* End PBXResourcesBuildPhase section */

/* Begin PBXSourcesBuildPhase section */
		3EB644A11BD78DFE005DB513 /* Sources */ = {
			isa = PBXSourcesBuildPhase;
			buildActionMask = 2147483647;
			files = (
				3EB644AD1BD78DFE005DB513 /* ViewController.swift in Sources */,
				3EB644AB1BD78DFE005DB513 /* AppDelegate.swift in Sources */,
			);
			runOnlyForDeploymentPostprocessing = 0;
		};
		3EB644B61BD78DFE005DB513 /* Sources */ = {
			isa = PBXSourcesBuildPhase;
			buildActionMask = 2147483647;
			files = (
				3EB644C11BD78DFE005DB513 /* ex366Tests.swift in Sources */,
			);
			runOnlyForDeploymentPostprocessing = 0;
		};
/* End PBXSourcesBuildPhase section */

/* Begin PBXTargetDependency section */
		3EB644BC1BD78DFE005DB513 /* PBXTargetDependency */ = {
			isa = PBXTargetDependency;
			target = 3EB644A41BD78DFE005DB513 /* ex366 */;
			targetProxy = 3EB644BB1BD78DFE005DB513 /* PBXContainerItemProxy */;
		};
/* End PBXTargetDependency section */

/* Begin PBXVariantGroup section */
		3EB644AE1BD78DFE005DB513 /* Main.storyboard */ = {
			isa = PBXVariantGroup;
			children = (
				3EB644AF1BD78DFE005DB513 /* Base */,
			);
			name = Main.storyboard;
			sourceTree = "<group>";
		};
		3EB644B31BD78DFE005DB513 /* LaunchScreen.xib */ = {
			isa = PBXVariantGroup;
			children = (
				3EB644B41BD78DFE005DB513 /* Base */,
			);
			name = LaunchScreen.xib;
			sourceTree = "<group>";
		};
/* End PBXVariantGroup section */

/* Begin XCBuildConfiguration section */
		3EB644C21BD78DFE005DB513 /* Debug */ = {
			isa = XCBuildConfiguration;
			buildSettings = {
				ALWAYS_SEARCH_USER_PATHS = NO;
				CLANG_CXX_LANGUAGE_STANDARD = "gnu++0x";
				CLANG_CXX_LIBRARY = "libc++";
				CLANG_ENABLE_MODULES = YES;
				CLANG_ENABLE_OBJC_ARC = YES;
				CLANG_WARN_BOOL_CONVERSION = YES;
				CLANG_WARN_CONSTANT_CONVERSION = YES;
				CLANG_WARN_DIRECT_OBJC_ISA_USAGE = YES_ERROR;
				CLANG_WARN_EMPTY_BODY = YES;
				CLANG_WARN_ENUM_CONVERSION = YES;
				CLANG_WARN_INT_CONVERSION = YES;
				CLANG_WARN_OBJC_ROOT_CLASS = YES_ERROR;
				CLANG_WARN_UNREACHABLE_CODE = YES;
				CLANG_WARN__DUPLICATE_METHOD_MATCH = YES;
				"CODE_SIGN_IDENTITY[sdk=iphoneos*]" = "iPhone Developer";
				COPY_PHASE_STRIP = NO;
				DEBUG_INFORMATION_FORMAT = "dwarf-with-dsym";
				ENABLE_STRICT_OBJC_MSGSEND = YES;
				GCC_C_LANGUAGE_STANDARD = gnu99;
				GCC_DYNAMIC_NO_PIC = NO;
				GCC_NO_COMMON_BLOCKS = YES;
				GCC_OPTIMIZATION_LEVEL = 0;
				GCC_PREPROCESSOR_DEFINITIONS = (
					"DEBUG=1",
					"$(inherited)",
				);
				GCC_SYMBOLS_PRIVATE_EXTERN = NO;
				GCC_WARN_64_TO_32_BIT_CONVERSION = YES;
				GCC_WARN_ABOUT_RETURN_TYPE = YES_ERROR;
				GCC_WARN_UNDECLARED_SELECTOR = YES;
				GCC_WARN_UNINITIALIZED_AUTOS = YES_AGGRESSIVE;
				GCC_WARN_UNUSED_FUNCTION = YES;
				GCC_WARN_UNUSED_VARIABLE = YES;
				IPHONEOS_DEPLOYMENT_TARGET = 8.4;
				MTL_ENABLE_DEBUG_INFO = YES;
				ONLY_ACTIVE_ARCH = YES;
				SDKROOT = iphoneos;
				SWIFT_OPTIMIZATION_LEVEL = "-Onone";
			};
			name = Debug;
		};
		3EB644C31BD78DFE005DB513 /* Release */ = {
			isa = XCBuildConfiguration;
			buildSettings = {
				ALWAYS_SEARCH_USER_PATHS = NO;
				CLANG_CXX_LANGUAGE_STANDARD = "gnu++0x";
				CLANG_CXX_LIBRARY = "libc++";
				CLANG_ENABLE_MODULES = YES;
				CLANG_ENABLE_OBJC_ARC = YES;
				CLANG_WARN_BOOL_CONVERSION = YES;
				CLANG_WARN_CONSTANT_CONVERSION = YES;
				CLANG_WARN_DIRECT_OBJC_ISA_USAGE = YES_ERROR;
				CLANG_WARN_EMPTY_BODY = YES;
				CLANG_WARN_ENUM_CONVERSION = YES;
				CLANG_WARN_INT_CONVERSION = YES;
				CLANG_WARN_OBJC_ROOT_CLASS = YES_ERROR;
				CLANG_WARN_UNREACHABLE_CODE = YES;
				CLANG_WARN__DUPLICATE_METHOD_MATCH = YES;
				"CODE_SIGN_IDENTITY[sdk=iphoneos*]" = "iPhone Developer";
				COPY_PHASE_STRIP = NO;
				DEBUG_INFORMATION_FORMAT = "dwarf-with-dsym";
				ENABLE_NS_ASSERTIONS = NO;
				ENABLE_STRICT_OBJC_MSGSEND = YES;
				GCC_C_LANGUAGE_STANDARD = gnu99;
				GCC_NO_COMMON_BLOCKS = YES;
				GCC_WARN_64_TO_32_BIT_CONVERSION = YES;
				GCC_WARN_ABOUT_RETURN_TYPE = YES_ERROR;
				GCC_WARN_UNDECLARED_SELECTOR = YES;
				GCC_WARN_UNINITIALIZED_AUTOS = YES_AGGRESSIVE;
				GCC_WARN_UNUSED_FUNCTION = YES;
				GCC_WARN_UNUSED_VARIABLE = YES;
				IPHONEOS_DEPLOYMENT_TARGET = 8.4;
				MTL_ENABLE_DEBUG_INFO = NO;
				SDKROOT = iphoneos;
				VALIDATE_PRODUCT = YES;
			};
			name = Release;
		};
		3EB644C51BD78DFE005DB513 /* Debug */ = {
			isa = XCBuildConfiguration;
			buildSettings = {
				ASSETCATALOG_COMPILER_APPICON_NAME = AppIcon;
				INFOPLIST_FILE = ex366/Info.plist;
				LD_RUNPATH_SEARCH_PATHS = "$(inherited) @executable_path/Frameworks";
				PRODUCT_NAME = "$(TARGET_NAME)";
			};
			name = Debug;
		};
		3EB644C61BD78DFE005DB513 /* Release */ = {
			isa = XCBuildConfiguration;
			buildSettings = {
				ASSETCATALOG_COMPILER_APPICON_NAME = AppIcon;
				INFOPLIST_FILE = ex366/Info.plist;
				LD_RUNPATH_SEARCH_PATHS = "$(inherited) @executable_path/Frameworks";
				PRODUCT_NAME = "$(TARGET_NAME)";
			};
			name = Release;
		};
		3EB644C81BD78DFE005DB513 /* Debug */ = {
			isa = XCBuildConfiguration;
			buildSettings = {
				BUNDLE_LOADER = "$(TEST_HOST)";
				FRAMEWORK_SEARCH_PATHS = (
					"$(SDKROOT)/Developer/Library/Frameworks",
					"$(inherited)",
				);
				GCC_PREPROCESSOR_DEFINITIONS = (
					"DEBUG=1",
					"$(inherited)",
				);
				INFOPLIST_FILE = ex366Tests/Info.plist;
				LD_RUNPATH_SEARCH_PATHS = "$(inherited) @executable_path/Frameworks @loader_path/Frameworks";
				PRODUCT_NAME = "$(TARGET_NAME)";
				TEST_HOST = "$(BUILT_PRODUCTS_DIR)/ex366.app/ex366";
			};
			name = Debug;
		};
		3EB644C91BD78DFE005DB513 /* Release */ = {
			isa = XCBuildConfiguration;
			buildSettings = {
				BUNDLE_LOADER = "$(TEST_HOST)";
				FRAMEWORK_SEARCH_PATHS = (
					"$(SDKROOT)/Developer/Library/Frameworks",
					"$(inherited)",
				);
				INFOPLIST_FILE = ex366Tests/Info.plist;
				LD_RUNPATH_SEARCH_PATHS = "$(inherited) @executable_path/Frameworks @loader_path/Frameworks";
				PRODUCT_NAME = "$(TARGET_NAME)";
				TEST_HOST = "$(BUILT_PRODUCTS_DIR)/ex366.app/ex366";
			};
			name = Release;
		};
/* End XCBuildConfiguration section */

/* Begin XCConfigurationList section */
		3EB644A01BD78DFE005DB513 /* Build configuration list for PBXProject "ex366" */ = {
			isa = XCConfigurationList;
			buildConfigurations = (
				3EB644C21BD78DFE005DB513 /* Debug */,
				3EB644C31BD78DFE005DB513 /* Release */,
			);
			defaultConfigurationIsVisible = 0;
			defaultConfigurationName = Release;
		};
		3EB644C41BD78DFE005DB513 /* Build configuration list for PBXNativeTarget "ex366" */ = {
			isa = XCConfigurationList;
			buildConfigurations = (
				3EB644C51BD78DFE005DB513 /* Debug */,
				3EB644C61BD78DFE005DB513 /* Release */,
			);
			defaultConfigurationIsVisible = 0;
		};
		3EB644C71BD78DFE005DB513 /* Build configuration list for PBXNativeTarget "ex366Tests" */ = {
			isa = XCConfigurationList;
			buildConfigurations = (
				3EB644C81BD78DFE005DB513 /* Debug */,
				3EB644C91BD78DFE005DB513 /* Release */,
			);
			defaultConfigurationIsVisible = 0;
		};
/* End XCConfigurationList section */
	};
	rootObject = 3EB6449D1BD78DFE005DB513 /* Project object */;
}
